PODS:
  - AFNetworking (4.0.1):
    - AFNetworking/NSURLSession (= 4.0.1)
    - AFNetworking/Reachability (= 4.0.1)
    - AFNetworking/Security (= 4.0.1)
    - AFNetworking/Serialization (= 4.0.1)
    - AFNetworking/UIKit (= 4.0.1)
  - AFNetworking/NSURLSession (4.0.1):
    - AFNetworking/Reachability
    - AFNetworking/Security
    - AFNetworking/Serialization
  - AFNetworking/Reachability (4.0.1)
  - AFNetworking/Security (4.0.1)
  - AFNetworking/Serialization (4.0.1)
  - AFNetworking/UIKit (4.0.1):
    - AFNetworking/NSURLSession
  - IQKeyboardManagerSwift (6.5.10)
  - JGProgressHUD (2.2)
  - Nimble (10.0.0)
  - Quick (5.0.1)
  - Realm (10.42.2):
    - Realm/Headers (= 10.42.2)
  - Realm/Headers (10.42.2)
  - RealmSwift (10.42.2):
    - Realm (= 10.42.2)
  - RxBlocking (6.5.0):
    - RxSwift (= 6.5.0)
  - RxCocoa (6.5.0):
    - RxRelay (= 6.5.0)
    - RxSwift (= 6.5.0)
  - RxNimble/Core (6.0.0):
    - Nimble (~> 10.0)
    - RxSwift (~> 6.0)
  - RxNimble/RxBlocking (6.0.0):
    - RxBlocking
    - RxNimble/Core
  - RxNimble/RxTest (6.0.0):
    - RxNimble/Core
    - RxTest
  - RxRelay (6.5.0):
    - RxSwift (= 6.5.0)
  - RxSwift (6.5.0)
  - RxTest (6.5.0):
    - RxSwift (= 6.5.0)
  - SDWebImage (5.18.1):
    - SDWebImage/Core (= 5.18.1)
  - SDWebImage/Core (5.18.1)
  - SnapKit (5.6.0)

DEPENDENCIES:
  - AFNetworking (~> 4.0)
  - IQKeyboardManagerSwift (= 6.5.10)
  - JGProgressHUD (= 2.2)
  - Quick (= 5.0.1)
  - RealmSwift (= 10.42.2)
  - RxCocoa (= 6.5.0)
  - RxNimble/RxBlocking (= 6.0.0)
  - RxNimble/RxTest (= 6.0.0)
  - RxSwift (= 6.5.0)
  - SDWebImage (~> 5.0)
  - SnapKit (= 5.6.0)

SPEC REPOS:
  trunk:
    - AFNetworking
    - IQKeyboardManagerSwift
    - JGProgressHUD
    - Nimble
    - Quick
    - Realm
    - RealmSwift
    - RxBlocking
    - RxCocoa
    - RxNimble
    - RxRelay
    - RxSwift
    - RxTest
    - SDWebImage
    - SnapKit

SPEC CHECKSUMS:
  AFNetworking: 3bd23d814e976cd148d7d44c3ab78017b744cd58
  IQKeyboardManagerSwift: 52962c76ab33532f15ad9f3ff4e5715eda5335bb
  JGProgressHUD: d83d7a981b85d11205e19ff8ad5bb9c40571c847
  Nimble: 5316ef81a170ce87baf72dd961f22f89a602ff84
  Quick: 749aa754fd1e7d984f2000fe051e18a3a9809179
  Realm: 2d2980fd7a562fa3d7ee21bb7d6cebac64393886
  RealmSwift: af08136c0322abccda4f34f482221c92d20dc88e
  RxBlocking: 04b5fd28bb5ea49f7d64b80db8bbfe50d9cc1c7d
  RxCocoa: 94f817b71c07517321eb4f9ad299112ca8af743b
  RxNimble: 04caf11bd7e8f7669d68ef69b8fdfe41552c1ef2
  RxRelay: 1de1523e604c72b6c68feadedd1af3b1b4d0ecbd
  RxSwift: 5710a9e6b17f3c3d6e40d6e559b9fa1e813b2ef8
  RxTest: eb2d23adefc5a5ebf5779c7792fa3edfe6ebcc17
  SDWebImage: ebdbcebc7933a45226d9313bd0118bc052ad458b
  SnapKit: e01d52ebb8ddbc333eefe2132acf85c8227d9c25

PODFILE CHECKSUM: ffdf295a19e29d5536cdb3131125b5a1d104ad0b

COCOAPODS: 1.11.3
